// !$*UTF8*$!
{
	archiveVersion = 1;
	classes = {
	};
	objectVersion = 55;
	objects = {

/* Begin PBXBuildFile section */
		13848D8A8C4828D0805CEE34 /* Pods_PMLTimes_PMLTimesUITests.framework in Frameworks */ = {isa = PBXBuildFile; fileRef = F8B0BBEDB078F26D5258254F /* Pods_PMLTimes_PMLTimesUITests.framework */; };
		7AE638835830C5048BBBEDFA /* Pods_PMLTimes.framework in Frameworks */ = {isa = PBXBuildFile; fileRef = 560C1E719DBC0665C56F135F /* Pods_PMLTimes.framework */; };
		7F1CF7B527D40AE6003CB70E /* CustomDateTransform.swift in Sources */ = {isa = PBXBuildFile; fileRef = 7F1CF7B427D40AE6003CB70E /* CustomDateTransform.swift */; };
		7F1CF7B727D40C44003CB70E /* Date+Extension.swift in Sources */ = {isa = PBXBuildFile; fileRef = 7F1CF7B627D40C44003CB70E /* Date+Extension.swift */; };
		7F1CF7BC27D40EB1003CB70E /* ContentItemTableViewCell.swift in Sources */ = {isa = PBXBuildFile; fileRef = 7F1CF7BA27D40EB1003CB70E /* ContentItemTableViewCell.swift */; };
		7F1CF7BD27D40EB1003CB70E /* ContentItemTableViewCell.xib in Resources */ = {isa = PBXBuildFile; fileRef = 7F1CF7BB27D40EB1003CB70E /* ContentItemTableViewCell.xib */; };
		7F1CF7BF27D41C7B003CB70E /* GoogleService-Info.plist in Resources */ = {isa = PBXBuildFile; fileRef = 7F1CF7BE27D41C7B003CB70E /* GoogleService-Info.plist */; };
		7F26503427D4D70B000C9E21 /* DetailWebViewModel.swift in Sources */ = {isa = PBXBuildFile; fileRef = 7F26503327D4D70B000C9E21 /* DetailWebViewModel.swift */; };
		7F26503C27D4F6FA000C9E21 /* SearchPageViewModel.swift in Sources */ = {isa = PBXBuildFile; fileRef = 7F26503B27D4F542000C9E21 /* SearchPageViewModel.swift */; };
		7F26503D27D4F6FD000C9E21 /* SearchPageView.swift in Sources */ = {isa = PBXBuildFile; fileRef = 7F26503A27D4F542000C9E21 /* SearchPageView.swift */; };
		7F26504127D4FDD9000C9E21 /* SearchResultsViewModel.swift in Sources */ = {isa = PBXBuildFile; fileRef = 7F26503F27D4FDD5000C9E21 /* SearchResultsViewModel.swift */; };
		7F26504227D4FDD9000C9E21 /* SearchResultsView.swift in Sources */ = {isa = PBXBuildFile; fileRef = 7F26504027D4FDD5000C9E21 /* SearchResultsView.swift */; };
		7F26504427D505A8000C9E21 /* SuggestTableViewCell.swift in Sources */ = {isa = PBXBuildFile; fileRef = 7F26504327D505A8000C9E21 /* SuggestTableViewCell.swift */; };
		7F26504727D50659000C9E21 /* ContentSearchTableViewCell.swift in Sources */ = {isa = PBXBuildFile; fileRef = 7F26504527D50659000C9E21 /* ContentSearchTableViewCell.swift */; };
		7F26504827D50659000C9E21 /* ContentSearchTableViewCell.xib in Resources */ = {isa = PBXBuildFile; fileRef = 7F26504627D50659000C9E21 /* ContentSearchTableViewCell.xib */; };
		7F26504A27D50BA4000C9E21 /* SearchArticleUseCase.swift in Sources */ = {isa = PBXBuildFile; fileRef = 7F26504927D50BA4000C9E21 /* SearchArticleUseCase.swift */; };
		7F26504C27D51390000C9E21 /* ArticleSearchModelel.swift in Sources */ = {isa = PBXBuildFile; fileRef = 7F26504B27D51390000C9E21 /* ArticleSearchModelel.swift */; };
		7F26505027D51C55000C9E21 /* UIImageView+KF+Extension.swift in Sources */ = {isa = PBXBuildFile; fileRef = 7F26504F27D51C55000C9E21 /* UIImageView+KF+Extension.swift */; };
		7F26505427D54EBB000C9E21 /* FilterPageView.swift in Sources */ = {isa = PBXBuildFile; fileRef = 7F26505227D54EBB000C9E21 /* FilterPageView.swift */; };
		7F26505727D550D4000C9E21 /* FilterPageViewModel.swift in Sources */ = {isa = PBXBuildFile; fileRef = 7F26505627D550D4000C9E21 /* FilterPageViewModel.swift */; };
		7F26505A27D55985000C9E21 /* DatePickerTableViewCell.swift in Sources */ = {isa = PBXBuildFile; fileRef = 7F26505827D55985000C9E21 /* DatePickerTableViewCell.swift */; };
		7F26505B27D55985000C9E21 /* DatePickerTableViewCell.xib in Resources */ = {isa = PBXBuildFile; fileRef = 7F26505927D55985000C9E21 /* DatePickerTableViewCell.xib */; };
		7F26505E27D55E49000C9E21 /* RadioboxView.swift in Sources */ = {isa = PBXBuildFile; fileRef = 7F26505D27D55E49000C9E21 /* RadioboxView.swift */; };
		7F26506027D55E7F000C9E21 /* RadioboxView.xib in Resources */ = {isa = PBXBuildFile; fileRef = 7F26505F27D55E7F000C9E21 /* RadioboxView.xib */; };
		7F26506327D55F9C000C9E21 /* SortSearchTableViewCell.swift in Sources */ = {isa = PBXBuildFile; fileRef = 7F26506127D55F9C000C9E21 /* SortSearchTableViewCell.swift */; };
		7F26506427D55F9C000C9E21 /* SortSearchTableViewCell.xib in Resources */ = {isa = PBXBuildFile; fileRef = 7F26506227D55F9C000C9E21 /* SortSearchTableViewCell.xib */; };
		7F6F2E0027D3566000ACCC8C /* AppDelegate.swift in Sources */ = {isa = PBXBuildFile; fileRef = 7F6F2DFF27D3566000ACCC8C /* AppDelegate.swift */; };
		7F6F2E0227D3566000ACCC8C /* SceneDelegate.swift in Sources */ = {isa = PBXBuildFile; fileRef = 7F6F2E0127D3566000ACCC8C /* SceneDelegate.swift */; };
		7F6F2E0427D3566000ACCC8C /* LandingPageView.swift in Sources */ = {isa = PBXBuildFile; fileRef = 7F6F2E0327D3566000ACCC8C /* LandingPageView.swift */; };
		7F6F2E0727D3566000ACCC8C /* Main.storyboard in Resources */ = {isa = PBXBuildFile; fileRef = 7F6F2E0527D3566000ACCC8C /* Main.storyboard */; };
		7F6F2E0927D3566200ACCC8C /* Assets.xcassets in Resources */ = {isa = PBXBuildFile; fileRef = 7F6F2E0827D3566200ACCC8C /* Assets.xcassets */; };
		7F6F2E0C27D3566200ACCC8C /* LaunchScreen.storyboard in Resources */ = {isa = PBXBuildFile; fileRef = 7F6F2E0A27D3566200ACCC8C /* LaunchScreen.storyboard */; };
		7F6F2E1727D3566200ACCC8C /* PMLTimesTests.swift in Sources */ = {isa = PBXBuildFile; fileRef = 7F6F2E1627D3566200ACCC8C /* PMLTimesTests.swift */; };
		7F6F2E2127D3566200ACCC8C /* PMLTimesUITests.swift in Sources */ = {isa = PBXBuildFile; fileRef = 7F6F2E2027D3566200ACCC8C /* PMLTimesUITests.swift */; };
		7F6F2E2327D3566200ACCC8C /* PMLTimesUITestsLaunchTests.swift in Sources */ = {isa = PBXBuildFile; fileRef = 7F6F2E2227D3566200ACCC8C /* PMLTimesUITestsLaunchTests.swift */; };
		7F8DA6B127D3BFA8002E47E2 /* NYTResponse.swift in Sources */ = {isa = PBXBuildFile; fileRef = 7F8DA6B027D3BFA8002E47E2 /* NYTResponse.swift */; };
		7F8DA6B427D3C1DA002E47E2 /* ArticleModel.swift in Sources */ = {isa = PBXBuildFile; fileRef = 7F8DA6B327D3C1DA002E47E2 /* ArticleModel.swift */; };
		7F8DA6B727D3C831002E47E2 /* ObjectMapper+Extension.swift in Sources */ = {isa = PBXBuildFile; fileRef = 7F8DA6B627D3C831002E47E2 /* ObjectMapper+Extension.swift */; };
		7F8DA6B927D3CF61002E47E2 /* ObserverType+Extension.swift in Sources */ = {isa = PBXBuildFile; fileRef = 7F8DA6B827D3CF61002E47E2 /* ObserverType+Extension.swift */; };
		7F8DA6BB27D3D136002E47E2 /* UseCase.swift in Sources */ = {isa = PBXBuildFile; fileRef = 7F8DA6BA27D3D136002E47E2 /* UseCase.swift */; };
		7F8DA6BD27D3D179002E47E2 /* HomePageViewModel.swift in Sources */ = {isa = PBXBuildFile; fileRef = 7F8DA6BC27D3D179002E47E2 /* HomePageViewModel.swift */; };
		7F8DA6BF27D3D981002E47E2 /* ObservableType+CatchErrorWithInfo.swift in Sources */ = {isa = PBXBuildFile; fileRef = 7F8DA6BE27D3D981002E47E2 /* ObservableType+CatchErrorWithInfo.swift */; };
		7F8DA6C327D3EB42002E47E2 /* PMLTimesProvider.swift in Sources */ = {isa = PBXBuildFile; fileRef = 7F8DA6C227D3EB42002E47E2 /* PMLTimesProvider.swift */; };
		7F8DD77A27D3AF7900B0D0CA /* UIView+Extension.swift in Sources */ = {isa = PBXBuildFile; fileRef = 7F8DD77927D3AF7900B0D0CA /* UIView+Extension.swift */; };
		7F8DD77D27D3B53200B0D0CA /* MostPopularArticleUseCase.swift in Sources */ = {isa = PBXBuildFile; fileRef = 7F8DD77C27D3B53200B0D0CA /* MostPopularArticleUseCase.swift */; };
		7F8DD77F27D3B61700B0D0CA /* MostPopularPeriod.swift in Sources */ = {isa = PBXBuildFile; fileRef = 7F8DD77E27D3B61700B0D0CA /* MostPopularPeriod.swift */; };
		7FB2A98627D5DC71006E51C7 /* LandingPageViewModel.swift in Sources */ = {isa = PBXBuildFile; fileRef = 7FB2A98527D5DC71006E51C7 /* LandingPageViewModel.swift */; };
		7FB2A98A27D5DFBF006E51C7 /* AuthenticationUseCase.swift in Sources */ = {isa = PBXBuildFile; fileRef = 7FB2A98927D5DFBF006E51C7 /* AuthenticationUseCase.swift */; };
		7FCF6EF527D36BEF00838626 /* NYTRepository.swift in Sources */ = {isa = PBXBuildFile; fileRef = 7FCF6EF427D36BEF00838626 /* NYTRepository.swift */; };
		7FCF6EF827D36C4400838626 /* NYTimesAPI.swift in Sources */ = {isa = PBXBuildFile; fileRef = 7FCF6EF727D36C4400838626 /* NYTimesAPI.swift */; };
		7FCF6EFB27D36DDD00838626 /* AppService.swift in Sources */ = {isa = PBXBuildFile; fileRef = 7FCF6EFA27D36DDD00838626 /* AppService.swift */; };
		7FCF6EFD27D36F3B00838626 /* AppGlobal.swift in Sources */ = {isa = PBXBuildFile; fileRef = 7FCF6EFC27D36F3B00838626 /* AppGlobal.swift */; };
		7FCF6F1627D37DCF00838626 /* DetailWebView.swift in Sources */ = {isa = PBXBuildFile; fileRef = 7FCF6F1527D37DCE00838626 /* DetailWebView.swift */; };
		7FCF6F1927D3871100838626 /* BaseViewController.swift in Sources */ = {isa = PBXBuildFile; fileRef = 7FCF6F1827D3871100838626 /* BaseViewController.swift */; };
		7FCF6F1B27D38B4F00838626 /* RootNavigationViewController.swift in Sources */ = {isa = PBXBuildFile; fileRef = 7FCF6F1A27D38B4F00838626 /* RootNavigationViewController.swift */; };
		7FCF6F1D27D391E000838626 /* HomePageView.swift in Sources */ = {isa = PBXBuildFile; fileRef = 7FCF6F1C27D391E000838626 /* HomePageView.swift */; };
		7FCF6F2027D3989800838626 /* Chomsky.otf in Resources */ = {isa = PBXBuildFile; fileRef = 7FCF6F1F27D3989800838626 /* Chomsky.otf */; };
		7FCFECEC27D3F795006C0437 /* HighlightTableViewCell.swift in Sources */ = {isa = PBXBuildFile; fileRef = 7FCFECEA27D3F795006C0437 /* HighlightTableViewCell.swift */; };
		7FCFECED27D3F795006C0437 /* HighlightTableViewCell.xib in Resources */ = {isa = PBXBuildFile; fileRef = 7FCFECEB27D3F795006C0437 /* HighlightTableViewCell.xib */; };
		B2215809564F319275F4743B /* Pods_PMLTimesTests.framework in Frameworks */ = {isa = PBXBuildFile; fileRef = 59B5EFEB13098563A8BCB46F /* Pods_PMLTimesTests.framework */; };
/* End PBXBuildFile section */

/* Begin PBXContainerItemProxy section */
		7F6F2E1327D3566200ACCC8C /* PBXContainerItemProxy */ = {
			isa = PBXContainerItemProxy;
			containerPortal = 7F6F2DF427D3566000ACCC8C /* Project object */;
			proxyType = 1;
			remoteGlobalIDString = 7F6F2DFB27D3566000ACCC8C;
			remoteInfo = PMLTimes;
		};
		7F6F2E1D27D3566200ACCC8C /* PBXContainerItemProxy */ = {
			isa = PBXContainerItemProxy;
			containerPortal = 7F6F2DF427D3566000ACCC8C /* Project object */;
			proxyType = 1;
			remoteGlobalIDString = 7F6F2DFB27D3566000ACCC8C;
			remoteInfo = PMLTimes;
		};
/* End PBXContainerItemProxy section */

/* Begin PBXFileReference section */
		0BA6846C46C16C4F543462E5 /* Pods-PMLTimes-PMLTimesUITests.release.xcconfig */ = {isa = PBXFileReference; includeInIndex = 1; lastKnownFileType = text.xcconfig; name = "Pods-PMLTimes-PMLTimesUITests.release.xcconfig"; path = "Target Support Files/Pods-PMLTimes-PMLTimesUITests/Pods-PMLTimes-PMLTimesUITests.release.xcconfig"; sourceTree = "<group>"; };
		203A88816ECDC1CB1427808B /* Pods-PMLTimesTests.debug.xcconfig */ = {isa = PBXFileReference; includeInIndex = 1; lastKnownFileType = text.xcconfig; name = "Pods-PMLTimesTests.debug.xcconfig"; path = "Target Support Files/Pods-PMLTimesTests/Pods-PMLTimesTests.debug.xcconfig"; sourceTree = "<group>"; };
		23C0867045BBCFA4D1A82F57 /* Pods-PMLTimes.release.xcconfig */ = {isa = PBXFileReference; includeInIndex = 1; lastKnownFileType = text.xcconfig; name = "Pods-PMLTimes.release.xcconfig"; path = "Target Support Files/Pods-PMLTimes/Pods-PMLTimes.release.xcconfig"; sourceTree = "<group>"; };
		560C1E719DBC0665C56F135F /* Pods_PMLTimes.framework */ = {isa = PBXFileReference; explicitFileType = wrapper.framework; includeInIndex = 0; path = Pods_PMLTimes.framework; sourceTree = BUILT_PRODUCTS_DIR; };
		59B5EFEB13098563A8BCB46F /* Pods_PMLTimesTests.framework */ = {isa = PBXFileReference; explicitFileType = wrapper.framework; includeInIndex = 0; path = Pods_PMLTimesTests.framework; sourceTree = BUILT_PRODUCTS_DIR; };
		5FFB2C2196695837AA246382 /* Pods-PMLTimes-PMLTimesUITests.debug.xcconfig */ = {isa = PBXFileReference; includeInIndex = 1; lastKnownFileType = text.xcconfig; name = "Pods-PMLTimes-PMLTimesUITests.debug.xcconfig"; path = "Target Support Files/Pods-PMLTimes-PMLTimesUITests/Pods-PMLTimes-PMLTimesUITests.debug.xcconfig"; sourceTree = "<group>"; };
		7F1CF7B427D40AE6003CB70E /* CustomDateTransform.swift */ = {isa = PBXFileReference; lastKnownFileType = sourcecode.swift; path = CustomDateTransform.swift; sourceTree = "<group>"; };
		7F1CF7B627D40C44003CB70E /* Date+Extension.swift */ = {isa = PBXFileReference; lastKnownFileType = sourcecode.swift; path = "Date+Extension.swift"; sourceTree = "<group>"; };
		7F1CF7BA27D40EB1003CB70E /* ContentItemTableViewCell.swift */ = {isa = PBXFileReference; lastKnownFileType = sourcecode.swift; path = ContentItemTableViewCell.swift; sourceTree = "<group>"; };
		7F1CF7BB27D40EB1003CB70E /* ContentItemTableViewCell.xib */ = {isa = PBXFileReference; lastKnownFileType = file.xib; path = ContentItemTableViewCell.xib; sourceTree = "<group>"; };
		7F1CF7BE27D41C7B003CB70E /* GoogleService-Info.plist */ = {isa = PBXFileReference; fileEncoding = 4; lastKnownFileType = text.plist.xml; path = "GoogleService-Info.plist"; sourceTree = "<group>"; };
		7F26503327D4D70B000C9E21 /* DetailWebViewModel.swift */ = {isa = PBXFileReference; lastKnownFileType = sourcecode.swift; path = DetailWebViewModel.swift; sourceTree = "<group>"; };
		7F26503A27D4F542000C9E21 /* SearchPageView.swift */ = {isa = PBXFileReference; lastKnownFileType = sourcecode.swift; path = SearchPageView.swift; sourceTree = "<group>"; };
		7F26503B27D4F542000C9E21 /* SearchPageViewModel.swift */ = {isa = PBXFileReference; lastKnownFileType = sourcecode.swift; path = SearchPageViewModel.swift; sourceTree = "<group>"; };
		7F26503F27D4FDD5000C9E21 /* SearchResultsViewModel.swift */ = {isa = PBXFileReference; lastKnownFileType = sourcecode.swift; path = SearchResultsViewModel.swift; sourceTree = "<group>"; };
		7F26504027D4FDD5000C9E21 /* SearchResultsView.swift */ = {isa = PBXFileReference; lastKnownFileType = sourcecode.swift; path = SearchResultsView.swift; sourceTree = "<group>"; };
		7F26504327D505A8000C9E21 /* SuggestTableViewCell.swift */ = {isa = PBXFileReference; lastKnownFileType = sourcecode.swift; path = SuggestTableViewCell.swift; sourceTree = "<group>"; };
		7F26504527D50659000C9E21 /* ContentSearchTableViewCell.swift */ = {isa = PBXFileReference; lastKnownFileType = sourcecode.swift; path = ContentSearchTableViewCell.swift; sourceTree = "<group>"; };
		7F26504627D50659000C9E21 /* ContentSearchTableViewCell.xib */ = {isa = PBXFileReference; lastKnownFileType = file.xib; path = ContentSearchTableViewCell.xib; sourceTree = "<group>"; };
		7F26504927D50BA4000C9E21 /* SearchArticleUseCase.swift */ = {isa = PBXFileReference; lastKnownFileType = sourcecode.swift; path = SearchArticleUseCase.swift; sourceTree = "<group>"; };
		7F26504B27D51390000C9E21 /* ArticleSearchModelel.swift */ = {isa = PBXFileReference; lastKnownFileType = sourcecode.swift; path = ArticleSearchModelel.swift; sourceTree = "<group>"; };
		7F26504F27D51C55000C9E21 /* UIImageView+KF+Extension.swift */ = {isa = PBXFileReference; lastKnownFileType = sourcecode.swift; path = "UIImageView+KF+Extension.swift"; sourceTree = "<group>"; };
		7F26505227D54EBB000C9E21 /* FilterPageView.swift */ = {isa = PBXFileReference; lastKnownFileType = sourcecode.swift; path = FilterPageView.swift; sourceTree = "<group>"; };
		7F26505627D550D4000C9E21 /* FilterPageViewModel.swift */ = {isa = PBXFileReference; lastKnownFileType = sourcecode.swift; path = FilterPageViewModel.swift; sourceTree = "<group>"; };
		7F26505827D55985000C9E21 /* DatePickerTableViewCell.swift */ = {isa = PBXFileReference; lastKnownFileType = sourcecode.swift; path = DatePickerTableViewCell.swift; sourceTree = "<group>"; };
		7F26505927D55985000C9E21 /* DatePickerTableViewCell.xib */ = {isa = PBXFileReference; lastKnownFileType = file.xib; path = DatePickerTableViewCell.xib; sourceTree = "<group>"; };
		7F26505D27D55E49000C9E21 /* RadioboxView.swift */ = {isa = PBXFileReference; lastKnownFileType = sourcecode.swift; path = RadioboxView.swift; sourceTree = "<group>"; };
		7F26505F27D55E7F000C9E21 /* RadioboxView.xib */ = {isa = PBXFileReference; lastKnownFileType = file.xib; path = RadioboxView.xib; sourceTree = "<group>"; };
		7F26506127D55F9C000C9E21 /* SortSearchTableViewCell.swift */ = {isa = PBXFileReference; lastKnownFileType = sourcecode.swift; path = SortSearchTableViewCell.swift; sourceTree = "<group>"; };
		7F26506227D55F9C000C9E21 /* SortSearchTableViewCell.xib */ = {isa = PBXFileReference; lastKnownFileType = file.xib; path = SortSearchTableViewCell.xib; sourceTree = "<group>"; };
		7F6F2DFC27D3566000ACCC8C /* PMLTimes.app */ = {isa = PBXFileReference; explicitFileType = wrapper.application; includeInIndex = 0; path = PMLTimes.app; sourceTree = BUILT_PRODUCTS_DIR; };
		7F6F2DFF27D3566000ACCC8C /* AppDelegate.swift */ = {isa = PBXFileReference; lastKnownFileType = sourcecode.swift; path = AppDelegate.swift; sourceTree = "<group>"; };
		7F6F2E0127D3566000ACCC8C /* SceneDelegate.swift */ = {isa = PBXFileReference; lastKnownFileType = sourcecode.swift; path = SceneDelegate.swift; sourceTree = "<group>"; };
		7F6F2E0327D3566000ACCC8C /* LandingPageView.swift */ = {isa = PBXFileReference; lastKnownFileType = sourcecode.swift; path = LandingPageView.swift; sourceTree = "<group>"; };
		7F6F2E0627D3566000ACCC8C /* Base */ = {isa = PBXFileReference; lastKnownFileType = file.storyboard; name = Base; path = Base.lproj/Main.storyboard; sourceTree = "<group>"; };
		7F6F2E0827D3566200ACCC8C /* Assets.xcassets */ = {isa = PBXFileReference; lastKnownFileType = folder.assetcatalog; path = Assets.xcassets; sourceTree = "<group>"; };
		7F6F2E0B27D3566200ACCC8C /* Base */ = {isa = PBXFileReference; lastKnownFileType = file.storyboard; name = Base; path = Base.lproj/LaunchScreen.storyboard; sourceTree = "<group>"; };
		7F6F2E0D27D3566200ACCC8C /* Info.plist */ = {isa = PBXFileReference; lastKnownFileType = text.plist.xml; path = Info.plist; sourceTree = "<group>"; };
		7F6F2E1227D3566200ACCC8C /* PMLTimesTests.xctest */ = {isa = PBXFileReference; explicitFileType = wrapper.cfbundle; includeInIndex = 0; path = PMLTimesTests.xctest; sourceTree = BUILT_PRODUCTS_DIR; };
		7F6F2E1627D3566200ACCC8C /* PMLTimesTests.swift */ = {isa = PBXFileReference; lastKnownFileType = sourcecode.swift; path = PMLTimesTests.swift; sourceTree = "<group>"; };
		7F6F2E1C27D3566200ACCC8C /* PMLTimesUITests.xctest */ = {isa = PBXFileReference; explicitFileType = wrapper.cfbundle; includeInIndex = 0; path = PMLTimesUITests.xctest; sourceTree = BUILT_PRODUCTS_DIR; };
		7F6F2E2027D3566200ACCC8C /* PMLTimesUITests.swift */ = {isa = PBXFileReference; lastKnownFileType = sourcecode.swift; path = PMLTimesUITests.swift; sourceTree = "<group>"; };
		7F6F2E2227D3566200ACCC8C /* PMLTimesUITestsLaunchTests.swift */ = {isa = PBXFileReference; lastKnownFileType = sourcecode.swift; path = PMLTimesUITestsLaunchTests.swift; sourceTree = "<group>"; };
		7F8DA6B027D3BFA8002E47E2 /* NYTResponse.swift */ = {isa = PBXFileReference; lastKnownFileType = sourcecode.swift; path = NYTResponse.swift; sourceTree = "<group>"; };
		7F8DA6B327D3C1DA002E47E2 /* ArticleModel.swift */ = {isa = PBXFileReference; lastKnownFileType = sourcecode.swift; path = ArticleModel.swift; sourceTree = "<group>"; };
		7F8DA6B627D3C831002E47E2 /* ObjectMapper+Extension.swift */ = {isa = PBXFileReference; lastKnownFileType = sourcecode.swift; path = "ObjectMapper+Extension.swift"; sourceTree = "<group>"; };
		7F8DA6B827D3CF61002E47E2 /* ObserverType+Extension.swift */ = {isa = PBXFileReference; lastKnownFileType = sourcecode.swift; path = "ObserverType+Extension.swift"; sourceTree = "<group>"; };
		7F8DA6BA27D3D136002E47E2 /* UseCase.swift */ = {isa = PBXFileReference; lastKnownFileType = sourcecode.swift; path = UseCase.swift; sourceTree = "<group>"; };
		7F8DA6BC27D3D179002E47E2 /* HomePageViewModel.swift */ = {isa = PBXFileReference; lastKnownFileType = sourcecode.swift; path = HomePageViewModel.swift; sourceTree = "<group>"; };
		7F8DA6BE27D3D981002E47E2 /* ObservableType+CatchErrorWithInfo.swift */ = {isa = PBXFileReference; lastKnownFileType = sourcecode.swift; path = "ObservableType+CatchErrorWithInfo.swift"; sourceTree = "<group>"; };
		7F8DA6C227D3EB42002E47E2 /* PMLTimesProvider.swift */ = {isa = PBXFileReference; lastKnownFileType = sourcecode.swift; path = PMLTimesProvider.swift; sourceTree = "<group>"; };
		7F8DD77927D3AF7900B0D0CA /* UIView+Extension.swift */ = {isa = PBXFileReference; lastKnownFileType = sourcecode.swift; path = "UIView+Extension.swift"; sourceTree = "<group>"; };
		7F8DD77C27D3B53200B0D0CA /* MostPopularArticleUseCase.swift */ = {isa = PBXFileReference; lastKnownFileType = sourcecode.swift; path = MostPopularArticleUseCase.swift; sourceTree = "<group>"; };
		7F8DD77E27D3B61700B0D0CA /* MostPopularPeriod.swift */ = {isa = PBXFileReference; lastKnownFileType = sourcecode.swift; path = MostPopularPeriod.swift; sourceTree = "<group>"; };
		7FB2A98527D5DC71006E51C7 /* LandingPageViewModel.swift */ = {isa = PBXFileReference; lastKnownFileType = sourcecode.swift; path = LandingPageViewModel.swift; sourceTree = "<group>"; };
		7FB2A98927D5DFBF006E51C7 /* AuthenticationUseCase.swift */ = {isa = PBXFileReference; lastKnownFileType = sourcecode.swift; path = AuthenticationUseCase.swift; sourceTree = "<group>"; };
		7FCF6EF427D36BEF00838626 /* NYTRepository.swift */ = {isa = PBXFileReference; lastKnownFileType = sourcecode.swift; path = NYTRepository.swift; sourceTree = "<group>"; };
		7FCF6EF727D36C4400838626 /* NYTimesAPI.swift */ = {isa = PBXFileReference; lastKnownFileType = sourcecode.swift; path = NYTimesAPI.swift; sourceTree = "<group>"; };
		7FCF6EFA27D36DDD00838626 /* AppService.swift */ = {isa = PBXFileReference; lastKnownFileType = sourcecode.swift; path = AppService.swift; sourceTree = "<group>"; };
		7FCF6EFC27D36F3B00838626 /* AppGlobal.swift */ = {isa = PBXFileReference; lastKnownFileType = sourcecode.swift; path = AppGlobal.swift; sourceTree = "<group>"; };
		7FCF6F1527D37DCE00838626 /* DetailWebView.swift */ = {isa = PBXFileReference; lastKnownFileType = sourcecode.swift; path = DetailWebView.swift; sourceTree = "<group>"; };
		7FCF6F1827D3871100838626 /* BaseViewController.swift */ = {isa = PBXFileReference; lastKnownFileType = sourcecode.swift; path = BaseViewController.swift; sourceTree = "<group>"; };
		7FCF6F1A27D38B4F00838626 /* RootNavigationViewController.swift */ = {isa = PBXFileReference; lastKnownFileType = sourcecode.swift; path = RootNavigationViewController.swift; sourceTree = "<group>"; };
		7FCF6F1C27D391E000838626 /* HomePageView.swift */ = {isa = PBXFileReference; lastKnownFileType = sourcecode.swift; path = HomePageView.swift; sourceTree = "<group>"; };
		7FCF6F1F27D3989800838626 /* Chomsky.otf */ = {isa = PBXFileReference; lastKnownFileType = file; path = Chomsky.otf; sourceTree = "<group>"; };
		7FCFECEA27D3F795006C0437 /* HighlightTableViewCell.swift */ = {isa = PBXFileReference; lastKnownFileType = sourcecode.swift; path = HighlightTableViewCell.swift; sourceTree = "<group>"; };
		7FCFECEB27D3F795006C0437 /* HighlightTableViewCell.xib */ = {isa = PBXFileReference; lastKnownFileType = file.xib; path = HighlightTableViewCell.xib; sourceTree = "<group>"; };
		D66985B3427B67893AA42055 /* Pods-PMLTimes.debug.xcconfig */ = {isa = PBXFileReference; includeInIndex = 1; lastKnownFileType = text.xcconfig; name = "Pods-PMLTimes.debug.xcconfig"; path = "Target Support Files/Pods-PMLTimes/Pods-PMLTimes.debug.xcconfig"; sourceTree = "<group>"; };
		DBE1051CE0B6C3C4E4F5887C /* Pods-PMLTimesTests.release.xcconfig */ = {isa = PBXFileReference; includeInIndex = 1; lastKnownFileType = text.xcconfig; name = "Pods-PMLTimesTests.release.xcconfig"; path = "Target Support Files/Pods-PMLTimesTests/Pods-PMLTimesTests.release.xcconfig"; sourceTree = "<group>"; };
		F8B0BBEDB078F26D5258254F /* Pods_PMLTimes_PMLTimesUITests.framework */ = {isa = PBXFileReference; explicitFileType = wrapper.framework; includeInIndex = 0; path = Pods_PMLTimes_PMLTimesUITests.framework; sourceTree = BUILT_PRODUCTS_DIR; };
/* End PBXFileReference section */

/* Begin PBXFrameworksBuildPhase section */
		7F6F2DF927D3566000ACCC8C /* Frameworks */ = {
			isa = PBXFrameworksBuildPhase;
			buildActionMask = 2147483647;
			files = (
				7AE638835830C5048BBBEDFA /* Pods_PMLTimes.framework in Frameworks */,
			);
			runOnlyForDeploymentPostprocessing = 0;
		};
		7F6F2E0F27D3566200ACCC8C /* Frameworks */ = {
			isa = PBXFrameworksBuildPhase;
			buildActionMask = 2147483647;
			files = (
				B2215809564F319275F4743B /* Pods_PMLTimesTests.framework in Frameworks */,
			);
			runOnlyForDeploymentPostprocessing = 0;
		};
		7F6F2E1927D3566200ACCC8C /* Frameworks */ = {
			isa = PBXFrameworksBuildPhase;
			buildActionMask = 2147483647;
			files = (
				13848D8A8C4828D0805CEE34 /* Pods_PMLTimes_PMLTimesUITests.framework in Frameworks */,
			);
			runOnlyForDeploymentPostprocessing = 0;
		};
/* End PBXFrameworksBuildPhase section */

/* Begin PBXGroup section */
		20BF5E5A99D8E5CDE2E99343 /* Frameworks */ = {
			isa = PBXGroup;
			children = (
				560C1E719DBC0665C56F135F /* Pods_PMLTimes.framework */,
				F8B0BBEDB078F26D5258254F /* Pods_PMLTimes_PMLTimesUITests.framework */,
				59B5EFEB13098563A8BCB46F /* Pods_PMLTimesTests.framework */,
			);
			name = Frameworks;
			sourceTree = "<group>";
		};
		7F1CF7B327D40AD4003CB70E /* Helper */ = {
			isa = PBXGroup;
			children = (
				7F1CF7B427D40AE6003CB70E /* CustomDateTransform.swift */,
			);
			path = Helper;
			sourceTree = "<group>";
		};
		7F26503927D4F534000C9E21 /* SearchPage */ = {
			isa = PBXGroup;
			children = (
				7F26503A27D4F542000C9E21 /* SearchPageView.swift */,
				7F26503B27D4F542000C9E21 /* SearchPageViewModel.swift */,
			);
			path = SearchPage;
			sourceTree = "<group>";
		};
		7F26503E27D4FDC5000C9E21 /* SearchResultsPage */ = {
			isa = PBXGroup;
			children = (
				7F26504027D4FDD5000C9E21 /* SearchResultsView.swift */,
				7F26503F27D4FDD5000C9E21 /* SearchResultsViewModel.swift */,
			);
			path = SearchResultsPage;
			sourceTree = "<group>";
		};
		7F26505127D54E96000C9E21 /* FilterPage */ = {
			isa = PBXGroup;
			children = (
				7F26505227D54EBB000C9E21 /* FilterPageView.swift */,
				7F26505627D550D4000C9E21 /* FilterPageViewModel.swift */,
			);
			path = FilterPage;
			sourceTree = "<group>";
		};
		7F26505C27D55E2E000C9E21 /* View */ = {
			isa = PBXGroup;
			children = (
				7F26505D27D55E49000C9E21 /* RadioboxView.swift */,
				7F26505F27D55E7F000C9E21 /* RadioboxView.xib */,
			);
			path = View;
			sourceTree = "<group>";
		};
		7F6F2DF327D3566000ACCC8C = {
			isa = PBXGroup;
			children = (
				7F6F2DFE27D3566000ACCC8C /* PMLTimes */,
				7F6F2E1527D3566200ACCC8C /* PMLTimesTests */,
				7F6F2E1F27D3566200ACCC8C /* PMLTimesUITests */,
				7F6F2DFD27D3566000ACCC8C /* Products */,
				D6BBA51F0CEA5F0D53503365 /* Pods */,
				20BF5E5A99D8E5CDE2E99343 /* Frameworks */,
			);
			sourceTree = "<group>";
		};
		7F6F2DFD27D3566000ACCC8C /* Products */ = {
			isa = PBXGroup;
			children = (
				7F6F2DFC27D3566000ACCC8C /* PMLTimes.app */,
				7F6F2E1227D3566200ACCC8C /* PMLTimesTests.xctest */,
				7F6F2E1C27D3566200ACCC8C /* PMLTimesUITests.xctest */,
			);
			name = Products;
			sourceTree = "<group>";
		};
		7F6F2DFE27D3566000ACCC8C /* PMLTimes */ = {
			isa = PBXGroup;
			children = (
				7FCF6F2127D3AED100838626 /* Extension */,
				7FCF6EE727D3688D00838626 /* Application */,
				7FCF6EE827D3689800838626 /* Domain */,
				7FCF6EEA27D368E300838626 /* Presentation */,
				7FCF6EE927D368C600838626 /* Data */,
				7FCF6EEB27D368EB00838626 /* Resources */,
			);
			path = PMLTimes;
			sourceTree = "<group>";
		};
		7F6F2E1527D3566200ACCC8C /* PMLTimesTests */ = {
			isa = PBXGroup;
			children = (
				7F6F2E1627D3566200ACCC8C /* PMLTimesTests.swift */,
			);
			path = PMLTimesTests;
			sourceTree = "<group>";
		};
		7F6F2E1F27D3566200ACCC8C /* PMLTimesUITests */ = {
			isa = PBXGroup;
			children = (
				7F6F2E2027D3566200ACCC8C /* PMLTimesUITests.swift */,
				7F6F2E2227D3566200ACCC8C /* PMLTimesUITestsLaunchTests.swift */,
			);
			path = PMLTimesUITests;
			sourceTree = "<group>";
		};
		7F8DA6C427D3F6B9002E47E2 /* Cell */ = {
			isa = PBXGroup;
			children = (
				7F26504327D505A8000C9E21 /* SuggestTableViewCell.swift */,
				7FCFECEA27D3F795006C0437 /* HighlightTableViewCell.swift */,
				7FCFECEB27D3F795006C0437 /* HighlightTableViewCell.xib */,
				7F1CF7BA27D40EB1003CB70E /* ContentItemTableViewCell.swift */,
				7F1CF7BB27D40EB1003CB70E /* ContentItemTableViewCell.xib */,
				7F26504527D50659000C9E21 /* ContentSearchTableViewCell.swift */,
				7F26504627D50659000C9E21 /* ContentSearchTableViewCell.xib */,
				7F26505827D55985000C9E21 /* DatePickerTableViewCell.swift */,
				7F26505927D55985000C9E21 /* DatePickerTableViewCell.xib */,
				7F26506127D55F9C000C9E21 /* SortSearchTableViewCell.swift */,
				7F26506227D55F9C000C9E21 /* SortSearchTableViewCell.xib */,
			);
			path = Cell;
			sourceTree = "<group>";
		};
		7FB2A98427D5DB72006E51C7 /* LandingPage */ = {
			isa = PBXGroup;
			children = (
				7F6F2E0327D3566000ACCC8C /* LandingPageView.swift */,
				7FB2A98527D5DC71006E51C7 /* LandingPageViewModel.swift */,
			);
			path = LandingPage;
			sourceTree = "<group>";
		};
		7FCF6EE727D3688D00838626 /* Application */ = {
			isa = PBXGroup;
			children = (
				7F1CF7BE27D41C7B003CB70E /* GoogleService-Info.plist */,
				7F6F2DFF27D3566000ACCC8C /* AppDelegate.swift */,
				7F6F2E0127D3566000ACCC8C /* SceneDelegate.swift */,
				7F6F2E0D27D3566200ACCC8C /* Info.plist */,
			);
			path = Application;
			sourceTree = "<group>";
		};
		7FCF6EE827D3689800838626 /* Domain */ = {
			isa = PBXGroup;
			children = (
				7FCF6EF227D36B3C00838626 /* Usecases */,
			);
			path = Domain;
			sourceTree = "<group>";
		};
		7FCF6EE927D368C600838626 /* Data */ = {
			isa = PBXGroup;
			children = (
				7FCF6EF927D36DCC00838626 /* Service */,
				7FCF6EF127D36B2300838626 /* Repositories */,
				7FCF6EF027D36B1800838626 /* Model */,
			);
			path = Data;
			sourceTree = "<group>";
		};
		7FCF6EEA27D368E300838626 /* Presentation */ = {
			isa = PBXGroup;
			children = (
				7F6F2E0527D3566000ACCC8C /* Main.storyboard */,
				7FCF6F1727D3870600838626 /* Common */,
				7FB2A98427D5DB72006E51C7 /* LandingPage */,
				7FCF6EEC27D36A3500838626 /* HomePage */,
				7FCF6EED27D36A4800838626 /* DetailPage */,
				7F26503927D4F534000C9E21 /* SearchPage */,
				7F26503E27D4FDC5000C9E21 /* SearchResultsPage */,
				7F26505127D54E96000C9E21 /* FilterPage */,
			);
			path = Presentation;
			sourceTree = "<group>";
		};
		7FCF6EEB27D368EB00838626 /* Resources */ = {
			isa = PBXGroup;
			children = (
				7FCF6F1E27D3987800838626 /* font */,
				7F6F2E0A27D3566200ACCC8C /* LaunchScreen.storyboard */,
				7F6F2E0827D3566200ACCC8C /* Assets.xcassets */,
			);
			path = Resources;
			sourceTree = "<group>";
		};
		7FCF6EEC27D36A3500838626 /* HomePage */ = {
			isa = PBXGroup;
			children = (
				7FCF6F1C27D391E000838626 /* HomePageView.swift */,
				7F8DA6BC27D3D179002E47E2 /* HomePageViewModel.swift */,
			);
			path = HomePage;
			sourceTree = "<group>";
		};
		7FCF6EED27D36A4800838626 /* DetailPage */ = {
			isa = PBXGroup;
			children = (
				7FCF6F1527D37DCE00838626 /* DetailWebView.swift */,
				7F26503327D4D70B000C9E21 /* DetailWebViewModel.swift */,
			);
			path = DetailPage;
			sourceTree = "<group>";
		};
		7FCF6EF027D36B1800838626 /* Model */ = {
			isa = PBXGroup;
			children = (
				7F8DA6B027D3BFA8002E47E2 /* NYTResponse.swift */,
				7F26504B27D51390000C9E21 /* ArticleSearchModelel.swift */,
				7F8DA6B327D3C1DA002E47E2 /* ArticleModel.swift */,
				7F8DD77E27D3B61700B0D0CA /* MostPopularPeriod.swift */,
			);
			path = Model;
			sourceTree = "<group>";
		};
		7FCF6EF127D36B2300838626 /* Repositories */ = {
			isa = PBXGroup;
			children = (
				7F8DA6C227D3EB42002E47E2 /* PMLTimesProvider.swift */,
				7FCF6EF727D36C4400838626 /* NYTimesAPI.swift */,
				7FCF6EF427D36BEF00838626 /* NYTRepository.swift */,
			);
			path = Repositories;
			sourceTree = "<group>";
		};
		7FCF6EF227D36B3C00838626 /* Usecases */ = {
			isa = PBXGroup;
			children = (
				7F8DD77C27D3B53200B0D0CA /* MostPopularArticleUseCase.swift */,
				7F26504927D50BA4000C9E21 /* SearchArticleUseCase.swift */,
				7FB2A98927D5DFBF006E51C7 /* AuthenticationUseCase.swift */,
				7F8DA6BA27D3D136002E47E2 /* UseCase.swift */,
			);
			path = Usecases;
			sourceTree = "<group>";
		};
		7FCF6EF927D36DCC00838626 /* Service */ = {
			isa = PBXGroup;
			children = (
				7FCF6EFA27D36DDD00838626 /* AppService.swift */,
				7FCF6EFC27D36F3B00838626 /* AppGlobal.swift */,
			);
			path = Service;
			sourceTree = "<group>";
		};
		7FCF6F1727D3870600838626 /* Common */ = {
			isa = PBXGroup;
			children = (
				7F26505C27D55E2E000C9E21 /* View */,
				7F8DA6C427D3F6B9002E47E2 /* Cell */,
				7FCF6F1827D3871100838626 /* BaseViewController.swift */,
				7FCF6F1A27D38B4F00838626 /* RootNavigationViewController.swift */,
			);
			path = Common;
			sourceTree = "<group>";
		};
		7FCF6F1E27D3987800838626 /* font */ = {
			isa = PBXGroup;
			children = (
				7FCF6F1F27D3989800838626 /* Chomsky.otf */,
			);
			path = font;
			sourceTree = "<group>";
		};
		7FCF6F2127D3AED100838626 /* Extension */ = {
			isa = PBXGroup;
			children = (
				7F1CF7B327D40AD4003CB70E /* Helper */,
				7F8DD77927D3AF7900B0D0CA /* UIView+Extension.swift */,
				7F26504F27D51C55000C9E21 /* UIImageView+KF+Extension.swift */,
				7F8DA6B627D3C831002E47E2 /* ObjectMapper+Extension.swift */,
				7F8DA6B827D3CF61002E47E2 /* ObserverType+Extension.swift */,
				7F8DA6BE27D3D981002E47E2 /* ObservableType+CatchErrorWithInfo.swift */,
				7F1CF7B627D40C44003CB70E /* Date+Extension.swift */,
			);
			path = Extension;
			sourceTree = "<group>";
		};
		D6BBA51F0CEA5F0D53503365 /* Pods */ = {
			isa = PBXGroup;
			children = (
				D66985B3427B67893AA42055 /* Pods-PMLTimes.debug.xcconfig */,
				23C0867045BBCFA4D1A82F57 /* Pods-PMLTimes.release.xcconfig */,
				5FFB2C2196695837AA246382 /* Pods-PMLTimes-PMLTimesUITests.debug.xcconfig */,
				0BA6846C46C16C4F543462E5 /* Pods-PMLTimes-PMLTimesUITests.release.xcconfig */,
				203A88816ECDC1CB1427808B /* Pods-PMLTimesTests.debug.xcconfig */,
				DBE1051CE0B6C3C4E4F5887C /* Pods-PMLTimesTests.release.xcconfig */,
			);
			path = Pods;
			sourceTree = "<group>";
		};
/* End PBXGroup section */

/* Begin PBXNativeTarget section */
		7F6F2DFB27D3566000ACCC8C /* PMLTimes */ = {
			isa = PBXNativeTarget;
			buildConfigurationList = 7F6F2E2627D3566200ACCC8C /* Build configuration list for PBXNativeTarget "PMLTimes" */;
			buildPhases = (
				C4C324BCF7D79B0FB76AA95F /* [CP] Check Pods Manifest.lock */,
				7F6F2DF827D3566000ACCC8C /* Sources */,
				7F6F2DF927D3566000ACCC8C /* Frameworks */,
				7F6F2DFA27D3566000ACCC8C /* Resources */,
				259D70DC361EBCB3DBFBB814 /* [CP] Embed Pods Frameworks */,
			);
			buildRules = (
			);
			dependencies = (
			);
			name = PMLTimes;
			productName = PMLTimes;
			productReference = 7F6F2DFC27D3566000ACCC8C /* PMLTimes.app */;
			productType = "com.apple.product-type.application";
		};
		7F6F2E1127D3566200ACCC8C /* PMLTimesTests */ = {
			isa = PBXNativeTarget;
			buildConfigurationList = 7F6F2E2927D3566200ACCC8C /* Build configuration list for PBXNativeTarget "PMLTimesTests" */;
			buildPhases = (
				D94003656E430580E7366A1B /* [CP] Check Pods Manifest.lock */,
				7F6F2E0E27D3566200ACCC8C /* Sources */,
				7F6F2E0F27D3566200ACCC8C /* Frameworks */,
				7F6F2E1027D3566200ACCC8C /* Resources */,
				BF31182A2035ABF0ED622954 /* [CP] Embed Pods Frameworks */,
			);
			buildRules = (
			);
			dependencies = (
				7F6F2E1427D3566200ACCC8C /* PBXTargetDependency */,
			);
			name = PMLTimesTests;
			productName = PMLTimesTests;
			productReference = 7F6F2E1227D3566200ACCC8C /* PMLTimesTests.xctest */;
			productType = "com.apple.product-type.bundle.unit-test";
		};
		7F6F2E1B27D3566200ACCC8C /* PMLTimesUITests */ = {
			isa = PBXNativeTarget;
			buildConfigurationList = 7F6F2E2C27D3566200ACCC8C /* Build configuration list for PBXNativeTarget "PMLTimesUITests" */;
			buildPhases = (
				F51D4BE5BF755EAA154C05CC /* [CP] Check Pods Manifest.lock */,
				7F6F2E1827D3566200ACCC8C /* Sources */,
				7F6F2E1927D3566200ACCC8C /* Frameworks */,
				7F6F2E1A27D3566200ACCC8C /* Resources */,
				22D9A49025FA2DEB0D7F587C /* [CP] Embed Pods Frameworks */,
			);
			buildRules = (
			);
			dependencies = (
				7F6F2E1E27D3566200ACCC8C /* PBXTargetDependency */,
			);
			name = PMLTimesUITests;
			productName = PMLTimesUITests;
			productReference = 7F6F2E1C27D3566200ACCC8C /* PMLTimesUITests.xctest */;
			productType = "com.apple.product-type.bundle.ui-testing";
		};
/* End PBXNativeTarget section */

/* Begin PBXProject section */
		7F6F2DF427D3566000ACCC8C /* Project object */ = {
			isa = PBXProject;
			attributes = {
				BuildIndependentTargetsInParallel = 1;
				LastSwiftUpdateCheck = 1320;
				LastUpgradeCheck = 1320;
				TargetAttributes = {
					7F6F2DFB27D3566000ACCC8C = {
						CreatedOnToolsVersion = 13.2.1;
					};
					7F6F2E1127D3566200ACCC8C = {
						CreatedOnToolsVersion = 13.2.1;
						TestTargetID = 7F6F2DFB27D3566000ACCC8C;
					};
					7F6F2E1B27D3566200ACCC8C = {
						CreatedOnToolsVersion = 13.2.1;
						TestTargetID = 7F6F2DFB27D3566000ACCC8C;
					};
				};
			};
			buildConfigurationList = 7F6F2DF727D3566000ACCC8C /* Build configuration list for PBXProject "PMLTimes" */;
			compatibilityVersion = "Xcode 13.0";
			developmentRegion = en;
			hasScannedForEncodings = 0;
			knownRegions = (
				en,
				Base,
			);
			mainGroup = 7F6F2DF327D3566000ACCC8C;
			productRefGroup = 7F6F2DFD27D3566000ACCC8C /* Products */;
			projectDirPath = "";
			projectRoot = "";
			targets = (
				7F6F2DFB27D3566000ACCC8C /* PMLTimes */,
				7F6F2E1127D3566200ACCC8C /* PMLTimesTests */,
				7F6F2E1B27D3566200ACCC8C /* PMLTimesUITests */,
			);
		};
/* End PBXProject section */

/* Begin PBXResourcesBuildPhase section */
		7F6F2DFA27D3566000ACCC8C /* Resources */ = {
			isa = PBXResourcesBuildPhase;
			buildActionMask = 2147483647;
			files = (
				7F1CF7BD27D40EB1003CB70E /* ContentItemTableViewCell.xib in Resources */,
				7F26505B27D55985000C9E21 /* DatePickerTableViewCell.xib in Resources */,
				7FCF6F2027D3989800838626 /* Chomsky.otf in Resources */,
				7F6F2E0C27D3566200ACCC8C /* LaunchScreen.storyboard in Resources */,
				7F26506427D55F9C000C9E21 /* SortSearchTableViewCell.xib in Resources */,
				7F26506027D55E7F000C9E21 /* RadioboxView.xib in Resources */,
				7F26504827D50659000C9E21 /* ContentSearchTableViewCell.xib in Resources */,
				7F6F2E0927D3566200ACCC8C /* Assets.xcassets in Resources */,
				7FCFECED27D3F795006C0437 /* HighlightTableViewCell.xib in Resources */,
				7F6F2E0727D3566000ACCC8C /* Main.storyboard in Resources */,
				7F1CF7BF27D41C7B003CB70E /* GoogleService-Info.plist in Resources */,
			);
			runOnlyForDeploymentPostprocessing = 0;
		};
		7F6F2E1027D3566200ACCC8C /* Resources */ = {
			isa = PBXResourcesBuildPhase;
			buildActionMask = 2147483647;
			files = (
			);
			runOnlyForDeploymentPostprocessing = 0;
		};
		7F6F2E1A27D3566200ACCC8C /* Resources */ = {
			isa = PBXResourcesBuildPhase;
			buildActionMask = 2147483647;
			files = (
			);
			runOnlyForDeploymentPostprocessing = 0;
		};
/* End PBXResourcesBuildPhase section */

/* Begin PBXShellScriptBuildPhase section */
		22D9A49025FA2DEB0D7F587C /* [CP] Embed Pods Frameworks */ = {
			isa = PBXShellScriptBuildPhase;
			buildActionMask = 2147483647;
			files = (
			);
			inputFileListPaths = (
				"${PODS_ROOT}/Target Support Files/Pods-PMLTimes-PMLTimesUITests/Pods-PMLTimes-PMLTimesUITests-frameworks-${CONFIGURATION}-input-files.xcfilelist",
			);
			name = "[CP] Embed Pods Frameworks";
			outputFileListPaths = (
				"${PODS_ROOT}/Target Support Files/Pods-PMLTimes-PMLTimesUITests/Pods-PMLTimes-PMLTimesUITests-frameworks-${CONFIGURATION}-output-files.xcfilelist",
			);
			runOnlyForDeploymentPostprocessing = 0;
			shellPath = /bin/sh;
			shellScript = "\"${PODS_ROOT}/Target Support Files/Pods-PMLTimes-PMLTimesUITests/Pods-PMLTimes-PMLTimesUITests-frameworks.sh\"\n";
			showEnvVarsInLog = 0;
		};
		259D70DC361EBCB3DBFBB814 /* [CP] Embed Pods Frameworks */ = {
			isa = PBXShellScriptBuildPhase;
			buildActionMask = 2147483647;
			files = (
			);
			inputFileListPaths = (
				"${PODS_ROOT}/Target Support Files/Pods-PMLTimes/Pods-PMLTimes-frameworks-${CONFIGURATION}-input-files.xcfilelist",
			);
			name = "[CP] Embed Pods Frameworks";
			outputFileListPaths = (
				"${PODS_ROOT}/Target Support Files/Pods-PMLTimes/Pods-PMLTimes-frameworks-${CONFIGURATION}-output-files.xcfilelist",
			);
			runOnlyForDeploymentPostprocessing = 0;
			shellPath = /bin/sh;
			shellScript = "\"${PODS_ROOT}/Target Support Files/Pods-PMLTimes/Pods-PMLTimes-frameworks.sh\"\n";
			showEnvVarsInLog = 0;
		};
		BF31182A2035ABF0ED622954 /* [CP] Embed Pods Frameworks */ = {
			isa = PBXShellScriptBuildPhase;
			buildActionMask = 2147483647;
			files = (
			);
			inputFileListPaths = (
				"${PODS_ROOT}/Target Support Files/Pods-PMLTimesTests/Pods-PMLTimesTests-frameworks-${CONFIGURATION}-input-files.xcfilelist",
			);
			name = "[CP] Embed Pods Frameworks";
			outputFileListPaths = (
				"${PODS_ROOT}/Target Support Files/Pods-PMLTimesTests/Pods-PMLTimesTests-frameworks-${CONFIGURATION}-output-files.xcfilelist",
			);
			runOnlyForDeploymentPostprocessing = 0;
			shellPath = /bin/sh;
			shellScript = "\"${PODS_ROOT}/Target Support Files/Pods-PMLTimesTests/Pods-PMLTimesTests-frameworks.sh\"\n";
			showEnvVarsInLog = 0;
		};
		C4C324BCF7D79B0FB76AA95F /* [CP] Check Pods Manifest.lock */ = {
			isa = PBXShellScriptBuildPhase;
			buildActionMask = 2147483647;
			files = (
			);
			inputFileListPaths = (
			);
			inputPaths = (
				"${PODS_PODFILE_DIR_PATH}/Podfile.lock",
				"${PODS_ROOT}/Manifest.lock",
			);
			name = "[CP] Check Pods Manifest.lock";
			outputFileListPaths = (
			);
			outputPaths = (
				"$(DERIVED_FILE_DIR)/Pods-PMLTimes-checkManifestLockResult.txt",
			);
			runOnlyForDeploymentPostprocessing = 0;
			shellPath = /bin/sh;
			shellScript = "diff \"${PODS_PODFILE_DIR_PATH}/Podfile.lock\" \"${PODS_ROOT}/Manifest.lock\" > /dev/null\nif [ $? != 0 ] ; then\n    # print error to STDERR\n    echo \"error: The sandbox is not in sync with the Podfile.lock. Run 'pod install' or update your CocoaPods installation.\" >&2\n    exit 1\nfi\n# This output is used by Xcode 'outputs' to avoid re-running this script phase.\necho \"SUCCESS\" > \"${SCRIPT_OUTPUT_FILE_0}\"\n";
			showEnvVarsInLog = 0;
		};
		D94003656E430580E7366A1B /* [CP] Check Pods Manifest.lock */ = {
			isa = PBXShellScriptBuildPhase;
			buildActionMask = 2147483647;
			files = (
			);
			inputFileListPaths = (
			);
			inputPaths = (
				"${PODS_PODFILE_DIR_PATH}/Podfile.lock",
				"${PODS_ROOT}/Manifest.lock",
			);
			name = "[CP] Check Pods Manifest.lock";
			outputFileListPaths = (
			);
			outputPaths = (
				"$(DERIVED_FILE_DIR)/Pods-PMLTimesTests-checkManifestLockResult.txt",
			);
			runOnlyForDeploymentPostprocessing = 0;
			shellPath = /bin/sh;
			shellScript = "diff \"${PODS_PODFILE_DIR_PATH}/Podfile.lock\" \"${PODS_ROOT}/Manifest.lock\" > /dev/null\nif [ $? != 0 ] ; then\n    # print error to STDERR\n    echo \"error: The sandbox is not in sync with the Podfile.lock. Run 'pod install' or update your CocoaPods installation.\" >&2\n    exit 1\nfi\n# This output is used by Xcode 'outputs' to avoid re-running this script phase.\necho \"SUCCESS\" > \"${SCRIPT_OUTPUT_FILE_0}\"\n";
			showEnvVarsInLog = 0;
		};
		F51D4BE5BF755EAA154C05CC /* [CP] Check Pods Manifest.lock */ = {
			isa = PBXShellScriptBuildPhase;
			buildActionMask = 2147483647;
			files = (
			);
			inputFileListPaths = (
			);
			inputPaths = (
				"${PODS_PODFILE_DIR_PATH}/Podfile.lock",
				"${PODS_ROOT}/Manifest.lock",
			);
			name = "[CP] Check Pods Manifest.lock";
			outputFileListPaths = (
			);
			outputPaths = (
				"$(DERIVED_FILE_DIR)/Pods-PMLTimes-PMLTimesUITests-checkManifestLockResult.txt",
			);
			runOnlyForDeploymentPostprocessing = 0;
			shellPath = /bin/sh;
			shellScript = "diff \"${PODS_PODFILE_DIR_PATH}/Podfile.lock\" \"${PODS_ROOT}/Manifest.lock\" > /dev/null\nif [ $? != 0 ] ; then\n    # print error to STDERR\n    echo \"error: The sandbox is not in sync with the Podfile.lock. Run 'pod install' or update your CocoaPods installation.\" >&2\n    exit 1\nfi\n# This output is used by Xcode 'outputs' to avoid re-running this script phase.\necho \"SUCCESS\" > \"${SCRIPT_OUTPUT_FILE_0}\"\n";
			showEnvVarsInLog = 0;
		};
/* End PBXShellScriptBuildPhase section */

/* Begin PBXSourcesBuildPhase section */
		7F6F2DF827D3566000ACCC8C /* Sources */ = {
			isa = PBXSourcesBuildPhase;
			buildActionMask = 2147483647;
			files = (
				7F1CF7B727D40C44003CB70E /* Date+Extension.swift in Sources */,
				7F8DA6B727D3C831002E47E2 /* ObjectMapper+Extension.swift in Sources */,
				7FCF6F1B27D38B4F00838626 /* RootNavigationViewController.swift in Sources */,
				7FB2A98A27D5DFBF006E51C7 /* AuthenticationUseCase.swift in Sources */,
				7F6F2E0427D3566000ACCC8C /* LandingPageView.swift in Sources */,
				7F8DA6B427D3C1DA002E47E2 /* ArticleModel.swift in Sources */,
				7F8DA6BD27D3D179002E47E2 /* HomePageViewModel.swift in Sources */,
				7FCF6EFB27D36DDD00838626 /* AppService.swift in Sources */,
				7F26504127D4FDD9000C9E21 /* SearchResultsViewModel.swift in Sources */,
				7FCF6F1627D37DCF00838626 /* DetailWebView.swift in Sources */,
				7FCF6EF827D36C4400838626 /* NYTimesAPI.swift in Sources */,
				7F26503D27D4F6FD000C9E21 /* SearchPageView.swift in Sources */,
				7F26505A27D55985000C9E21 /* DatePickerTableViewCell.swift in Sources */,
				7F26504227D4FDD9000C9E21 /* SearchResultsView.swift in Sources */,
				7F26504427D505A8000C9E21 /* SuggestTableViewCell.swift in Sources */,
				7F26504727D50659000C9E21 /* ContentSearchTableViewCell.swift in Sources */,
				7F8DA6B927D3CF61002E47E2 /* ObserverType+Extension.swift in Sources */,
				7F1CF7B527D40AE6003CB70E /* CustomDateTransform.swift in Sources */,
				7F8DA6BB27D3D136002E47E2 /* UseCase.swift in Sources */,
				7F26505027D51C55000C9E21 /* UIImageView+KF+Extension.swift in Sources */,
				7FCF6EF527D36BEF00838626 /* NYTRepository.swift in Sources */,
				7FCFECEC27D3F795006C0437 /* HighlightTableViewCell.swift in Sources */,
				7FB2A98627D5DC71006E51C7 /* LandingPageViewModel.swift in Sources */,
				7F1CF7BC27D40EB1003CB70E /* ContentItemTableViewCell.swift in Sources */,
				7F26505427D54EBB000C9E21 /* FilterPageView.swift in Sources */,
				7F8DD77A27D3AF7900B0D0CA /* UIView+Extension.swift in Sources */,
				7F26505E27D55E49000C9E21 /* RadioboxView.swift in Sources */,
				7FCF6F1927D3871100838626 /* BaseViewController.swift in Sources */,
				7FCF6F1D27D391E000838626 /* HomePageView.swift in Sources */,
				7F8DD77D27D3B53200B0D0CA /* MostPopularArticleUseCase.swift in Sources */,
				7F26506327D55F9C000C9E21 /* SortSearchTableViewCell.swift in Sources */,
				7F8DA6BF27D3D981002E47E2 /* ObservableType+CatchErrorWithInfo.swift in Sources */,
				7FCF6EFD27D36F3B00838626 /* AppGlobal.swift in Sources */,
				7F6F2E0027D3566000ACCC8C /* AppDelegate.swift in Sources */,
				7F8DA6B127D3BFA8002E47E2 /* NYTResponse.swift in Sources */,
				7F26504A27D50BA4000C9E21 /* SearchArticleUseCase.swift in Sources */,
				7F26505727D550D4000C9E21 /* FilterPageViewModel.swift in Sources */,
				7F26504C27D51390000C9E21 /* ArticleSearchModelel.swift in Sources */,
				7F26503C27D4F6FA000C9E21 /* SearchPageViewModel.swift in Sources */,
				7F8DA6C327D3EB42002E47E2 /* PMLTimesProvider.swift in Sources */,
				7F26503427D4D70B000C9E21 /* DetailWebViewModel.swift in Sources */,
				7F6F2E0227D3566000ACCC8C /* SceneDelegate.swift in Sources */,
				7F8DD77F27D3B61700B0D0CA /* MostPopularPeriod.swift in Sources */,
			);
			runOnlyForDeploymentPostprocessing = 0;
		};
		7F6F2E0E27D3566200ACCC8C /* Sources */ = {
			isa = PBXSourcesBuildPhase;
			buildActionMask = 2147483647;
			files = (
				7F6F2E1727D3566200ACCC8C /* PMLTimesTests.swift in Sources */,
			);
			runOnlyForDeploymentPostprocessing = 0;
		};
		7F6F2E1827D3566200ACCC8C /* Sources */ = {
			isa = PBXSourcesBuildPhase;
			buildActionMask = 2147483647;
			files = (
				7F6F2E2327D3566200ACCC8C /* PMLTimesUITestsLaunchTests.swift in Sources */,
				7F6F2E2127D3566200ACCC8C /* PMLTimesUITests.swift in Sources */,
			);
			runOnlyForDeploymentPostprocessing = 0;
		};
/* End PBXSourcesBuildPhase section */

/* Begin PBXTargetDependency section */
		7F6F2E1427D3566200ACCC8C /* PBXTargetDependency */ = {
			isa = PBXTargetDependency;
			target = 7F6F2DFB27D3566000ACCC8C /* PMLTimes */;
			targetProxy = 7F6F2E1327D3566200ACCC8C /* PBXContainerItemProxy */;
		};
		7F6F2E1E27D3566200ACCC8C /* PBXTargetDependency */ = {
			isa = PBXTargetDependency;
			target = 7F6F2DFB27D3566000ACCC8C /* PMLTimes */;
			targetProxy = 7F6F2E1D27D3566200ACCC8C /* PBXContainerItemProxy */;
		};
/* End PBXTargetDependency section */

/* Begin PBXVariantGroup section */
		7F6F2E0527D3566000ACCC8C /* Main.storyboard */ = {
			isa = PBXVariantGroup;
			children = (
				7F6F2E0627D3566000ACCC8C /* Base */,
			);
			name = Main.storyboard;
			sourceTree = "<group>";
		};
		7F6F2E0A27D3566200ACCC8C /* LaunchScreen.storyboard */ = {
			isa = PBXVariantGroup;
			children = (
				7F6F2E0B27D3566200ACCC8C /* Base */,
			);
			name = LaunchScreen.storyboard;
			sourceTree = "<group>";
		};
/* End PBXVariantGroup section */

/* Begin XCBuildConfiguration section */
		7F6F2E2427D3566200ACCC8C /* Debug */ = {
			isa = XCBuildConfiguration;
			buildSettings = {
				ALWAYS_SEARCH_USER_PATHS = NO;
				CLANG_ANALYZER_NONNULL = YES;
				CLANG_ANALYZER_NUMBER_OBJECT_CONVERSION = YES_AGGRESSIVE;
				CLANG_CXX_LANGUAGE_STANDARD = "gnu++17";
				CLANG_CXX_LIBRARY = "libc++";
				CLANG_ENABLE_MODULES = YES;
				CLANG_ENABLE_OBJC_ARC = YES;
				CLANG_ENABLE_OBJC_WEAK = YES;
				CLANG_WARN_BLOCK_CAPTURE_AUTORELEASING = YES;
				CLANG_WARN_BOOL_CONVERSION = YES;
				CLANG_WARN_COMMA = YES;
				CLANG_WARN_CONSTANT_CONVERSION = YES;
				CLANG_WARN_DEPRECATED_OBJC_IMPLEMENTATIONS = YES;
				CLANG_WARN_DIRECT_OBJC_ISA_USAGE = YES_ERROR;
				CLANG_WARN_DOCUMENTATION_COMMENTS = YES;
				CLANG_WARN_EMPTY_BODY = YES;
				CLANG_WARN_ENUM_CONVERSION = YES;
				CLANG_WARN_INFINITE_RECURSION = YES;
				CLANG_WARN_INT_CONVERSION = YES;
				CLANG_WARN_NON_LITERAL_NULL_CONVERSION = YES;
				CLANG_WARN_OBJC_IMPLICIT_RETAIN_SELF = YES;
				CLANG_WARN_OBJC_LITERAL_CONVERSION = YES;
				CLANG_WARN_OBJC_ROOT_CLASS = YES_ERROR;
				CLANG_WARN_QUOTED_INCLUDE_IN_FRAMEWORK_HEADER = YES;
				CLANG_WARN_RANGE_LOOP_ANALYSIS = YES;
				CLANG_WARN_STRICT_PROTOTYPES = YES;
				CLANG_WARN_SUSPICIOUS_MOVE = YES;
				CLANG_WARN_UNGUARDED_AVAILABILITY = YES_AGGRESSIVE;
				CLANG_WARN_UNREACHABLE_CODE = YES;
				CLANG_WARN__DUPLICATE_METHOD_MATCH = YES;
				COPY_PHASE_STRIP = NO;
				DEBUG_INFORMATION_FORMAT = dwarf;
				ENABLE_STRICT_OBJC_MSGSEND = YES;
				ENABLE_TESTABILITY = YES;
				GCC_C_LANGUAGE_STANDARD = gnu11;
				GCC_DYNAMIC_NO_PIC = NO;
				GCC_NO_COMMON_BLOCKS = YES;
				GCC_OPTIMIZATION_LEVEL = 0;
				GCC_PREPROCESSOR_DEFINITIONS = (
					"DEBUG=1",
					"$(inherited)",
				);
				GCC_WARN_64_TO_32_BIT_CONVERSION = YES;
				GCC_WARN_ABOUT_RETURN_TYPE = YES_ERROR;
				GCC_WARN_UNDECLARED_SELECTOR = YES;
				GCC_WARN_UNINITIALIZED_AUTOS = YES_AGGRESSIVE;
				GCC_WARN_UNUSED_FUNCTION = YES;
				GCC_WARN_UNUSED_VARIABLE = YES;
				IPHONEOS_DEPLOYMENT_TARGET = 14.2;
				MTL_ENABLE_DEBUG_INFO = INCLUDE_SOURCE;
				MTL_FAST_MATH = YES;
				ONLY_ACTIVE_ARCH = YES;
				SDKROOT = iphoneos;
				SWIFT_ACTIVE_COMPILATION_CONDITIONS = DEBUG;
				SWIFT_OPTIMIZATION_LEVEL = "-Onone";
			};
			name = Debug;
		};
		7F6F2E2527D3566200ACCC8C /* Release */ = {
			isa = XCBuildConfiguration;
			buildSettings = {
				ALWAYS_SEARCH_USER_PATHS = NO;
				CLANG_ANALYZER_NONNULL = YES;
				CLANG_ANALYZER_NUMBER_OBJECT_CONVERSION = YES_AGGRESSIVE;
				CLANG_CXX_LANGUAGE_STANDARD = "gnu++17";
				CLANG_CXX_LIBRARY = "libc++";
				CLANG_ENABLE_MODULES = YES;
				CLANG_ENABLE_OBJC_ARC = YES;
				CLANG_ENABLE_OBJC_WEAK = YES;
				CLANG_WARN_BLOCK_CAPTURE_AUTORELEASING = YES;
				CLANG_WARN_BOOL_CONVERSION = YES;
				CLANG_WARN_COMMA = YES;
				CLANG_WARN_CONSTANT_CONVERSION = YES;
				CLANG_WARN_DEPRECATED_OBJC_IMPLEMENTATIONS = YES;
				CLANG_WARN_DIRECT_OBJC_ISA_USAGE = YES_ERROR;
				CLANG_WARN_DOCUMENTATION_COMMENTS = YES;
				CLANG_WARN_EMPTY_BODY = YES;
				CLANG_WARN_ENUM_CONVERSION = YES;
				CLANG_WARN_INFINITE_RECURSION = YES;
				CLANG_WARN_INT_CONVERSION = YES;
				CLANG_WARN_NON_LITERAL_NULL_CONVERSION = YES;
				CLANG_WARN_OBJC_IMPLICIT_RETAIN_SELF = YES;
				CLANG_WARN_OBJC_LITERAL_CONVERSION = YES;
				CLANG_WARN_OBJC_ROOT_CLASS = YES_ERROR;
				CLANG_WARN_QUOTED_INCLUDE_IN_FRAMEWORK_HEADER = YES;
				CLANG_WARN_RANGE_LOOP_ANALYSIS = YES;
				CLANG_WARN_STRICT_PROTOTYPES = YES;
				CLANG_WARN_SUSPICIOUS_MOVE = YES;
				CLANG_WARN_UNGUARDED_AVAILABILITY = YES_AGGRESSIVE;
				CLANG_WARN_UNREACHABLE_CODE = YES;
				CLANG_WARN__DUPLICATE_METHOD_MATCH = YES;
				COPY_PHASE_STRIP = NO;
				DEBUG_INFORMATION_FORMAT = "dwarf-with-dsym";
				ENABLE_NS_ASSERTIONS = NO;
				ENABLE_STRICT_OBJC_MSGSEND = YES;
				GCC_C_LANGUAGE_STANDARD = gnu11;
				GCC_NO_COMMON_BLOCKS = YES;
				GCC_WARN_64_TO_32_BIT_CONVERSION = YES;
				GCC_WARN_ABOUT_RETURN_TYPE = YES_ERROR;
				GCC_WARN_UNDECLARED_SELECTOR = YES;
				GCC_WARN_UNINITIALIZED_AUTOS = YES_AGGRESSIVE;
				GCC_WARN_UNUSED_FUNCTION = YES;
				GCC_WARN_UNUSED_VARIABLE = YES;
				IPHONEOS_DEPLOYMENT_TARGET = 14.2;
				MTL_ENABLE_DEBUG_INFO = NO;
				MTL_FAST_MATH = YES;
				SDKROOT = iphoneos;
				SWIFT_COMPILATION_MODE = wholemodule;
				SWIFT_OPTIMIZATION_LEVEL = "-O";
				VALIDATE_PRODUCT = YES;
			};
			name = Release;
		};
		7F6F2E2727D3566200ACCC8C /* Debug */ = {
			isa = XCBuildConfiguration;
			baseConfigurationReference = D66985B3427B67893AA42055 /* Pods-PMLTimes.debug.xcconfig */;
			buildSettings = {
				ALWAYS_EMBED_SWIFT_STANDARD_LIBRARIES = "$(inherited)";
				ASSETCATALOG_COMPILER_APPICON_NAME = AppIcon;
				ASSETCATALOG_COMPILER_GLOBAL_ACCENT_COLOR_NAME = AccentColor;
				CODE_SIGN_STYLE = Automatic;
				CURRENT_PROJECT_VERSION = 1;
				DEVELOPMENT_TEAM = XVFDNL6D2D;
				GENERATE_INFOPLIST_FILE = YES;
				INFOPLIST_FILE = PMLTimes/Application/Info.plist;
				INFOPLIST_KEY_UIApplicationSupportsIndirectInputEvents = YES;
				INFOPLIST_KEY_UILaunchStoryboardName = LaunchScreen;
				INFOPLIST_KEY_UIMainStoryboardFile = Main;
				INFOPLIST_KEY_UISupportedInterfaceOrientations_iPad = "UIInterfaceOrientationPortrait UIInterfaceOrientationPortraitUpsideDown UIInterfaceOrientationLandscapeLeft UIInterfaceOrientationLandscapeRight";
				INFOPLIST_KEY_UISupportedInterfaceOrientations_iPhone = "UIInterfaceOrientationPortrait UIInterfaceOrientationLandscapeLeft UIInterfaceOrientationLandscapeRight";
				IPHONEOS_DEPLOYMENT_TARGET = 14.2;
				LD_RUNPATH_SEARCH_PATHS = (
					"$(inherited)",
					"@executable_path/Frameworks",
				);
				MARKETING_VERSION = 1.0;
				PRODUCT_BUNDLE_IDENTIFIER = com.methawee.PMLTimes;
				PRODUCT_NAME = "$(TARGET_NAME)";
				SWIFT_EMIT_LOC_STRINGS = YES;
				SWIFT_VERSION = 5.0;
				TARGETED_DEVICE_FAMILY = "1,2";
			};
			name = Debug;
		};
		7F6F2E2827D3566200ACCC8C /* Release */ = {
			isa = XCBuildConfiguration;
			baseConfigurationReference = 23C0867045BBCFA4D1A82F57 /* Pods-PMLTimes.release.xcconfig */;
			buildSettings = {
				ALWAYS_EMBED_SWIFT_STANDARD_LIBRARIES = "$(inherited)";
				ASSETCATALOG_COMPILER_APPICON_NAME = AppIcon;
				ASSETCATALOG_COMPILER_GLOBAL_ACCENT_COLOR_NAME = AccentColor;
				CODE_SIGN_STYLE = Automatic;
				CURRENT_PROJECT_VERSION = 1;
				DEVELOPMENT_TEAM = XVFDNL6D2D;
				GENERATE_INFOPLIST_FILE = YES;
				INFOPLIST_FILE = PMLTimes/Application/Info.plist;
				INFOPLIST_KEY_UIApplicationSupportsIndirectInputEvents = YES;
				INFOPLIST_KEY_UILaunchStoryboardName = LaunchScreen;
				INFOPLIST_KEY_UIMainStoryboardFile = Main;
				INFOPLIST_KEY_UISupportedInterfaceOrientations_iPad = "UIInterfaceOrientationPortrait UIInterfaceOrientationPortraitUpsideDown UIInterfaceOrientationLandscapeLeft UIInterfaceOrientationLandscapeRight";
				INFOPLIST_KEY_UISupportedInterfaceOrientations_iPhone = "UIInterfaceOrientationPortrait UIInterfaceOrientationLandscapeLeft UIInterfaceOrientationLandscapeRight";
				IPHONEOS_DEPLOYMENT_TARGET = 14.2;
				LD_RUNPATH_SEARCH_PATHS = (
					"$(inherited)",
					"@executable_path/Frameworks",
				);
				MARKETING_VERSION = 1.0;
				PRODUCT_BUNDLE_IDENTIFIER = com.methawee.PMLTimes;
				PRODUCT_NAME = "$(TARGET_NAME)";
				SWIFT_EMIT_LOC_STRINGS = YES;
				SWIFT_VERSION = 5.0;
				TARGETED_DEVICE_FAMILY = "1,2";
			};
			name = Release;
		};
		7F6F2E2A27D3566200ACCC8C /* Debug */ = {
			isa = XCBuildConfiguration;
			baseConfigurationReference = 203A88816ECDC1CB1427808B /* Pods-PMLTimesTests.debug.xcconfig */;
			buildSettings = {
				ALWAYS_EMBED_SWIFT_STANDARD_LIBRARIES = "$(inherited)";
				BUNDLE_LOADER = "$(TEST_HOST)";
				CODE_SIGN_STYLE = Automatic;
				CURRENT_PROJECT_VERSION = 1;
				DEVELOPMENT_TEAM = XVFDNL6D2D;
				GENERATE_INFOPLIST_FILE = YES;
				IPHONEOS_DEPLOYMENT_TARGET = 15.2;
				MARKETING_VERSION = 1.0;
				PRODUCT_BUNDLE_IDENTIFIER = com.methawee.PMLTimesTests;
				PRODUCT_NAME = "$(TARGET_NAME)";
				SWIFT_EMIT_LOC_STRINGS = NO;
				SWIFT_VERSION = 5.0;
				TARGETED_DEVICE_FAMILY = "1,2";
				TEST_HOST = "$(BUILT_PRODUCTS_DIR)/PMLTimes.app/PMLTimes";
			};
			name = Debug;
		};
		7F6F2E2B27D3566200ACCC8C /* Release */ = {
			isa = XCBuildConfiguration;
			baseConfigurationReference = DBE1051CE0B6C3C4E4F5887C /* Pods-PMLTimesTests.release.xcconfig */;
			buildSettings = {
				ALWAYS_EMBED_SWIFT_STANDARD_LIBRARIES = "$(inherited)";
				BUNDLE_LOADER = "$(TEST_HOST)";
				CODE_SIGN_STYLE = Automatic;
				CURRENT_PROJECT_VERSION = 1;
				DEVELOPMENT_TEAM = XVFDNL6D2D;
				GENERATE_INFOPLIST_FILE = YES;
				IPHONEOS_DEPLOYMENT_TARGET = 15.2;
				MARKETING_VERSION = 1.0;
				PRODUCT_BUNDLE_IDENTIFIER = com.methawee.PMLTimesTests;
				PRODUCT_NAME = "$(TARGET_NAME)";
				SWIFT_EMIT_LOC_STRINGS = NO;
				SWIFT_VERSION = 5.0;
				TARGETED_DEVICE_FAMILY = "1,2";
				TEST_HOST = "$(BUILT_PRODUCTS_DIR)/PMLTimes.app/PMLTimes";
			};
			name = Release;
		};
		7F6F2E2D27D3566200ACCC8C /* Debug */ = {
			isa = XCBuildConfiguration;
			baseConfigurationReference = 5FFB2C2196695837AA246382 /* Pods-PMLTimes-PMLTimesUITests.debug.xcconfig */;
			buildSettings = {
				ALWAYS_EMBED_SWIFT_STANDARD_LIBRARIES = "$(inherited)";
				CODE_SIGN_STYLE = Automatic;
				CURRENT_PROJECT_VERSION = 1;
				DEVELOPMENT_TEAM = XVFDNL6D2D;
				GENERATE_INFOPLIST_FILE = YES;
				MARKETING_VERSION = 1.0;
				PRODUCT_BUNDLE_IDENTIFIER = com.methawee.PMLTimesUITests;
				PRODUCT_NAME = "$(TARGET_NAME)";
				SWIFT_EMIT_LOC_STRINGS = NO;
				SWIFT_VERSION = 5.0;
				TARGETED_DEVICE_FAMILY = "1,2";
				TEST_TARGET_NAME = PMLTimes;
			};
			name = Debug;
		};
		7F6F2E2E27D3566200ACCC8C /* Release */ = {
			isa = XCBuildConfiguration;
			baseConfigurationReference = 0BA6846C46C16C4F543462E5 /* Pods-PMLTimes-PMLTimesUITests.release.xcconfig */;
			buildSettings = {
				ALWAYS_EMBED_SWIFT_STANDARD_LIBRARIES = "$(inherited)";
				CODE_SIGN_STYLE = Automatic;
				CURRENT_PROJECT_VERSION = 1;
				DEVELOPMENT_TEAM = XVFDNL6D2D;
				GENERATE_INFOPLIST_FILE = YES;
				MARKETING_VERSION = 1.0;
				PRODUCT_BUNDLE_IDENTIFIER = com.methawee.PMLTimesUITests;
				PRODUCT_NAME = "$(TARGET_NAME)";
				SWIFT_EMIT_LOC_STRINGS = NO;
				SWIFT_VERSION = 5.0;
				TARGETED_DEVICE_FAMILY = "1,2";
				TEST_TARGET_NAME = PMLTimes;
			};
			name = Release;
		};
/* End XCBuildConfiguration section */

/* Begin XCConfigurationList section */
		7F6F2DF727D3566000ACCC8C /* Build configuration list for PBXProject "PMLTimes" */ = {
			isa = XCConfigurationList;
			buildConfigurations = (
				7F6F2E2427D3566200ACCC8C /* Debug */,
				7F6F2E2527D3566200ACCC8C /* Release */,
			);
			defaultConfigurationIsVisible = 0;
			defaultConfigurationName = Release;
		};
		7F6F2E2627D3566200ACCC8C /* Build configuration list for PBXNativeTarget "PMLTimes" */ = {
			isa = XCConfigurationList;
			buildConfigurations = (
				7F6F2E2727D3566200ACCC8C /* Debug */,
				7F6F2E2827D3566200ACCC8C /* Release */,
			);
			defaultConfigurationIsVisible = 0;
			defaultConfigurationName = Release;
		};
		7F6F2E2927D3566200ACCC8C /* Build configuration list for PBXNativeTarget "PMLTimesTests" */ = {
			isa = XCConfigurationList;
			buildConfigurations = (
				7F6F2E2A27D3566200ACCC8C /* Debug */,
				7F6F2E2B27D3566200ACCC8C /* Release */,
			);
			defaultConfigurationIsVisible = 0;
			defaultConfigurationName = Release;
		};
		7F6F2E2C27D3566200ACCC8C /* Build configuration list for PBXNativeTarget "PMLTimesUITests" */ = {
			isa = XCConfigurationList;
			buildConfigurations = (
				7F6F2E2D27D3566200ACCC8C /* Debug */,
				7F6F2E2E27D3566200ACCC8C /* Release */,
			);
			defaultConfigurationIsVisible = 0;
			defaultConfigurationName = Release;
		};
/* End XCConfigurationList section */
	};
	rootObject = 7F6F2DF427D3566000ACCC8C /* Project object */;
}
